
Microsoft Visual Studio Solution File, Format Version 12.00
# Visual Studio Version 17
VisualStudioVersion = 17.3.32929.385
MinimumVisualStudioVersion = 10.0.40219.1
Project("{FAE04EC0-301F-11D3-BF4B-00C04F79EFBC}") = "BookReviewApp", "BookReviewApp.csproj", "{731180D2-A8AD-443B-8286-F50634BE2E05}"
EndProject
Global
	GlobalSection(SolutionConfigurationPlatforms) = preSolution
		Debug|Any CPU = Debug|Any CPU
		Release|Any CPU = Release|Any CPU
	EndGlobalSection
	GlobalSection(ProjectConfigurationPlatforms) = postSolution
		{731180D2-A8AD-443B-8286-F50634BE2E05}.Debug|Any CPU.ActiveCfg = Debug|Any CPU
		{731180D2-A8AD-443B-8286-F50634BE2E05}.Debug|Any CPU.Build.0 = Debug|Any CPU
		{731180D2-A8AD-443B-8286-F50634BE2E05}.Release|Any CPU.ActiveCfg = Release|Any CPU
		{731180D2-A8AD-443B-8286-F50634BE2E05}.Release|Any CPU.Build.0 = Release|Any CPU
	EndGlobalSection
	GlobalSection(SolutionProperties) = preSolution
		HideSolutionNode = FALSE
	EndGlobalSection
	GlobalSection(ExtensibilityGlobals) = postSolution
		SolutionGuid = {C92B3411-2AD4-41A9-BF4C-1D2AB79F0A19}
	EndGlobalSection
EndGlobal
